
Microsoft Visual Studio Solution File, Format Version 12.00
# Visual Studio Version 16
VisualStudioVersion = 16.0.31515.178
MinimumVisualStudioVersion = 10.0.40219.1
Project("{9A19103F-16F7-4668-BE54-9A1E7A4F7556}") = "TraderIforexTests", "TraderIforexTests.csproj", "{E9D248F9-F2B7-4B6D-A6FA-82845890E2F2}"
EndProject
Global
	GlobalSection(SolutionConfigurationPlatforms) = preSolution
		Debug|Any CPU = Debug|Any CPU
		Release|Any CPU = Release|Any CPU
	EndGlobalSection
	GlobalSection(ProjectConfigurationPlatforms) = postSolution
		{E9D248F9-F2B7-4B6D-A6FA-82845890E2F2}.Debug|Any CPU.ActiveCfg = Debug|Any CPU
		{E9D248F9-F2B7-4B6D-A6FA-82845890E2F2}.Debug|Any CPU.Build.0 = Debug|Any CPU
		{E9D248F9-F2B7-4B6D-A6FA-82845890E2F2}.Release|Any CPU.ActiveCfg = Release|Any CPU
		{E9D248F9-F2B7-4B6D-A6FA-82845890E2F2}.Release|Any CPU.Build.0 = Release|Any CPU
	EndGlobalSection
	GlobalSection(SolutionProperties) = preSolution
		HideSolutionNode = FALSE
	EndGlobalSection
	GlobalSection(ExtensibilityGlobals) = postSolution
		SolutionGuid = {1E0830B4-4C21-41B2-A14C-14C8E668ED92}
	EndGlobalSection
EndGlobal
